
Microsoft Visual Studio Solution File, Format Version 12.00
# Visual Studio Version 17
VisualStudioVersion = 17.13.35919.96
MinimumVisualStudioVersion = 10.0.40219.1
Project("{FAE04EC0-301F-11D3-BF4B-00C04F79EFBC}") = "Gheetah", "Gheetah\Gheetah.csproj", "{0D28D88C-DA6C-44E4-86FA-A5AB0EF85378}"
EndProject
Project("{FAE04EC0-301F-11D3-BF4B-00C04F79EFBC}") = "Gheetah.Agent", "Gheetah.Agent\Gheetah.Agent.csproj", "{0C96CDFD-B8B2-4996-A461-87A02CDC6515}"
EndProject
Global
	GlobalSection(SolutionConfigurationPlatforms) = preSolution
		Debug|Any CPU = Debug|Any CPU
		Release|Any CPU = Release|Any CPU
	EndGlobalSection
	GlobalSection(ProjectConfigurationPlatforms) = postSolution
		{0D28D88C-DA6C-44E4-86FA-A5AB0EF85378}.Debug|Any CPU.ActiveCfg = Debug|Any CPU
		{0D28D88C-DA6C-44E4-86FA-A5AB0EF85378}.Debug|Any CPU.Build.0 = Debug|Any CPU
		{0D28D88C-DA6C-44E4-86FA-A5AB0EF85378}.Release|Any CPU.ActiveCfg = Release|Any CPU
		{0D28D88C-DA6C-44E4-86FA-A5AB0EF85378}.Release|Any CPU.Build.0 = Release|Any CPU
		{0C96CDFD-B8B2-4996-A461-87A02CDC6515}.Debug|Any CPU.ActiveCfg = Debug|Any CPU
		{0C96CDFD-B8B2-4996-A461-87A02CDC6515}.Debug|Any CPU.Build.0 = Debug|Any CPU
		{0C96CDFD-B8B2-4996-A461-87A02CDC6515}.Release|Any CPU.ActiveCfg = Release|Any CPU
		{0C96CDFD-B8B2-4996-A461-87A02CDC6515}.Release|Any CPU.Build.0 = Release|Any CPU
	EndGlobalSection
	GlobalSection(SolutionProperties) = preSolution
		HideSolutionNode = FALSE
	EndGlobalSection
	GlobalSection(ExtensibilityGlobals) = postSolution
		SolutionGuid = {9D3332BB-7324-49DB-BACC-F7899C78A4E2}
	EndGlobalSection
EndGlobal
